
Microsoft Visual Studio Solution File, Format Version 12.00
# Visual Studio 15
VisualStudioVersion = 15.0.27703.2035
MinimumVisualStudioVersion = 10.0.40219.1
Project("{FAE04EC0-301F-11D3-BF4B-00C04F79EFBC}") = "01_HelloWorld", "01_HelloWorld\01_HelloWorld.csproj", "{1BA04C6D-B359-4CEC-AFF7-31D0A0AF236A}"
EndProject
Project("{FAE04EC0-301F-11D3-BF4B-00C04F79EFBC}") = "02_HGateAndMeasure", "02_HGateAndMeasure\02_HGateAndMeasure.csproj", "{9E3B2A70-3BAE-40A3-95AD-3118082B135C}"
EndProject
Project("{FAE04EC0-301F-11D3-BF4B-00C04F79EFBC}") = "03_HGateAndMesaure_InLoop", "03_HGateAndMesaure_InLoop\03_HGateAndMesaure_InLoop.csproj", "{B629D4EF-8FFB-48B3-9133-8EF5A28B3A8E}"
EndProject
Global
	GlobalSection(SolutionConfigurationPlatforms) = preSolution
		Debug|Any CPU = Debug|Any CPU
		Release|Any CPU = Release|Any CPU
	EndGlobalSection
	GlobalSection(ProjectConfigurationPlatforms) = postSolution
		{1BA04C6D-B359-4CEC-AFF7-31D0A0AF236A}.Debug|Any CPU.ActiveCfg = Debug|Any CPU
		{1BA04C6D-B359-4CEC-AFF7-31D0A0AF236A}.Debug|Any CPU.Build.0 = Debug|Any CPU
		{1BA04C6D-B359-4CEC-AFF7-31D0A0AF236A}.Release|Any CPU.ActiveCfg = Release|Any CPU
		{1BA04C6D-B359-4CEC-AFF7-31D0A0AF236A}.Release|Any CPU.Build.0 = Release|Any CPU
		{9E3B2A70-3BAE-40A3-95AD-3118082B135C}.Debug|Any CPU.ActiveCfg = Debug|Any CPU
		{9E3B2A70-3BAE-40A3-95AD-3118082B135C}.Debug|Any CPU.Build.0 = Debug|Any CPU
		{9E3B2A70-3BAE-40A3-95AD-3118082B135C}.Release|Any CPU.ActiveCfg = Release|Any CPU
		{9E3B2A70-3BAE-40A3-95AD-3118082B135C}.Release|Any CPU.Build.0 = Release|Any CPU
		{B629D4EF-8FFB-48B3-9133-8EF5A28B3A8E}.Debug|Any CPU.ActiveCfg = Debug|Any CPU
		{B629D4EF-8FFB-48B3-9133-8EF5A28B3A8E}.Debug|Any CPU.Build.0 = Debug|Any CPU
		{B629D4EF-8FFB-48B3-9133-8EF5A28B3A8E}.Release|Any CPU.ActiveCfg = Release|Any CPU
		{B629D4EF-8FFB-48B3-9133-8EF5A28B3A8E}.Release|Any CPU.Build.0 = Release|Any CPU
	EndGlobalSection
	GlobalSection(SolutionProperties) = preSolution
		HideSolutionNode = FALSE
	EndGlobalSection
	GlobalSection(ExtensibilityGlobals) = postSolution
		SolutionGuid = {93E0218D-8077-4F99-BC04-F9E59C1ED50C}
	EndGlobalSection
EndGlobal
